// !$*UTF8*$!
{
	archiveVersion = 1;
	classes = {
	};
	objectVersion = 56;
	objects = {

/* Begin PBXBuildFile section */
		856DF04B29CDC525008F5E19 /* main.swift in Sources */ = {isa = PBXBuildFile; fileRef = 856DF04A29CDC525008F5E19 /* main.swift */; };
		856DF05229CDC84B008F5E19 /* ExchangeRatesDataService.swift in Sources */ = {isa = PBXBuildFile; fileRef = 856DF05129CDC84B008F5E19 /* ExchangeRatesDataService.swift */; };
		856DF05429CDC855008F5E19 /* ExchangeRatesDataServiceProtocol.swift in Sources */ = {isa = PBXBuildFile; fileRef = 856DF05329CDC855008F5E19 /* ExchangeRatesDataServiceProtocol.swift */; };
		856DF05729CDC867008F5E19 /* ExchangeRatesError.swift in Sources */ = {isa = PBXBuildFile; fileRef = 856DF05629CDC867008F5E19 /* ExchangeRatesError.swift */; };
		856DF05A29CDC887008F5E19 /* ExchangeRatesDataModel.swift in Sources */ = {isa = PBXBuildFile; fileRef = 856DF05929CDC887008F5E19 /* ExchangeRatesDataModel.swift */; };
		856DF05C29CDC89D008F5E19 /* URLRequestBuilder.swift in Sources */ = {isa = PBXBuildFile; fileRef = 856DF05B29CDC89D008F5E19 /* URLRequestBuilder.swift */; };
		85EC7BB529CDC9B90024C1EC /* InteractorInput.swift in Sources */ = {isa = PBXBuildFile; fileRef = 85EC7BB429CDC9B90024C1EC /* InteractorInput.swift */; };
		85EC7BB929CDC9E00024C1EC /* Interactor.swift in Sources */ = {isa = PBXBuildFile; fileRef = 85EC7BB829CDC9E00024C1EC /* Interactor.swift */; };
/* End PBXBuildFile section */

/* Begin PBXCopyFilesBuildPhase section */
		856DF04629CDC525008F5E19 /* CopyFiles */ = {
			isa = PBXCopyFilesBuildPhase;
			buildActionMask = 2147483647;
			dstPath = /usr/share/man/man1/;
			dstSubfolderSpec = 0;
			files = (
			);
			runOnlyForDeploymentPostprocessing = 1;
		};
/* End PBXCopyFilesBuildPhase section */

/* Begin PBXFileReference section */
		856DF04829CDC525008F5E19 /* Main */ = {isa = PBXFileReference; explicitFileType = "compiled.mach-o.executable"; includeInIndex = 0; path = Main; sourceTree = BUILT_PRODUCTS_DIR; };
		856DF04A29CDC525008F5E19 /* main.swift */ = {isa = PBXFileReference; lastKnownFileType = sourcecode.swift; path = main.swift; sourceTree = "<group>"; };
		856DF05129CDC84B008F5E19 /* ExchangeRatesDataService.swift */ = {isa = PBXFileReference; lastKnownFileType = sourcecode.swift; path = ExchangeRatesDataService.swift; sourceTree = "<group>"; };
		856DF05329CDC855008F5E19 /* ExchangeRatesDataServiceProtocol.swift */ = {isa = PBXFileReference; lastKnownFileType = sourcecode.swift; path = ExchangeRatesDataServiceProtocol.swift; sourceTree = "<group>"; };
		856DF05629CDC867008F5E19 /* ExchangeRatesError.swift */ = {isa = PBXFileReference; lastKnownFileType = sourcecode.swift; path = ExchangeRatesError.swift; sourceTree = "<group>"; };
		856DF05929CDC887008F5E19 /* ExchangeRatesDataModel.swift */ = {isa = PBXFileReference; lastKnownFileType = sourcecode.swift; path = ExchangeRatesDataModel.swift; sourceTree = "<group>"; };
		856DF05B29CDC89D008F5E19 /* URLRequestBuilder.swift */ = {isa = PBXFileReference; lastKnownFileType = sourcecode.swift; path = URLRequestBuilder.swift; sourceTree = "<group>"; };
		85EC7BB429CDC9B90024C1EC /* InteractorInput.swift */ = {isa = PBXFileReference; lastKnownFileType = sourcecode.swift; path = InteractorInput.swift; sourceTree = "<group>"; };
		85EC7BB829CDC9E00024C1EC /* Interactor.swift */ = {isa = PBXFileReference; lastKnownFileType = sourcecode.swift; path = Interactor.swift; sourceTree = "<group>"; };
/* End PBXFileReference section */

/* Begin PBXFrameworksBuildPhase section */
		856DF04529CDC525008F5E19 /* Frameworks */ = {
			isa = PBXFrameworksBuildPhase;
			buildActionMask = 2147483647;
			files = (
			);
			runOnlyForDeploymentPostprocessing = 0;
		};
/* End PBXFrameworksBuildPhase section */

/* Begin PBXGroup section */
		856DF03129CDC3EF008F5E19 = {
			isa = PBXGroup;
			children = (
				85EC7BBA29CDCAA80024C1EC /* Service */,
				856DF04929CDC525008F5E19 /* Main */,
				856DF03D29CDC42A008F5E19 /* Products */,
			);
			sourceTree = "<group>";
		};
		856DF03D29CDC42A008F5E19 /* Products */ = {
			isa = PBXGroup;
			children = (
				856DF04829CDC525008F5E19 /* Main */,
			);
			name = Products;
			sourceTree = "<group>";
		};
		856DF04929CDC525008F5E19 /* Main */ = {
			isa = PBXGroup;
			children = (
				856DF04A29CDC525008F5E19 /* main.swift */,
				85EC7BB829CDC9E00024C1EC /* Interactor.swift */,
				85EC7BB429CDC9B90024C1EC /* InteractorInput.swift */,
			);
			path = Main;
			sourceTree = "<group>";
		};
		856DF05029CDC7C3008F5E19 /* ExchangeRatesDataService */ = {
			isa = PBXGroup;
			children = (
				856DF05829CDC87E008F5E19 /* Models */,
				856DF05129CDC84B008F5E19 /* ExchangeRatesDataService.swift */,
				856DF05329CDC855008F5E19 /* ExchangeRatesDataServiceProtocol.swift */,
				856DF05629CDC867008F5E19 /* ExchangeRatesError.swift */,
			);
			path = ExchangeRatesDataService;
			sourceTree = "<group>";
		};
		856DF05829CDC87E008F5E19 /* Models */ = {
			isa = PBXGroup;
			children = (
				856DF05929CDC887008F5E19 /* ExchangeRatesDataModel.swift */,
			);
			path = Models;
			sourceTree = "<group>";
		};
		85EC7BBA29CDCAA80024C1EC /* Service */ = {
			isa = PBXGroup;
			children = (
				856DF05B29CDC89D008F5E19 /* URLRequestBuilder.swift */,
				856DF05029CDC7C3008F5E19 /* ExchangeRatesDataService */,
			);
			path = Service;
			sourceTree = "<group>";
		};
/* End PBXGroup section */

/* Begin PBXNativeTarget section */
		856DF04729CDC525008F5E19 /* Main */ = {
			isa = PBXNativeTarget;
			buildConfigurationList = 856DF04C29CDC525008F5E19 /* Build configuration list for PBXNativeTarget "Main" */;
			buildPhases = (
				856DF04429CDC525008F5E19 /* Sources */,
				856DF04529CDC525008F5E19 /* Frameworks */,
				856DF04629CDC525008F5E19 /* CopyFiles */,
			);
			buildRules = (
			);
			dependencies = (
			);
			name = Main;
			productName = Main;
			productReference = 856DF04829CDC525008F5E19 /* Main */;
			productType = "com.apple.product-type.tool";
		};
/* End PBXNativeTarget section */

/* Begin PBXProject section */
		856DF03229CDC3EF008F5E19 /* Project object */ = {
			isa = PBXProject;
			attributes = {
				BuildIndependentTargetsInParallel = 1;
				LastSwiftUpdateCheck = 1400;
				LastUpgradeCheck = 1400;
				TargetAttributes = {
					856DF04729CDC525008F5E19 = {
						CreatedOnToolsVersion = 14.0;
					};
				};
			};
			buildConfigurationList = 856DF03529CDC3EF008F5E19 /* Build configuration list for PBXProject "Exchange Rates Data" */;
			compatibilityVersion = "Xcode 14.0";
			developmentRegion = en;
			hasScannedForEncodings = 0;
			knownRegions = (
				en,
				Base,
			);
			mainGroup = 856DF03129CDC3EF008F5E19;
			productRefGroup = 856DF03D29CDC42A008F5E19 /* Products */;
			projectDirPath = "";
			projectRoot = "";
			targets = (
				856DF04729CDC525008F5E19 /* Main */,
			);
		};
/* End PBXProject section */

/* Begin PBXSourcesBuildPhase section */
		856DF04429CDC525008F5E19 /* Sources */ = {
			isa = PBXSourcesBuildPhase;
			buildActionMask = 2147483647;
			files = (
				856DF05429CDC855008F5E19 /* ExchangeRatesDataServiceProtocol.swift in Sources */,
				85EC7BB529CDC9B90024C1EC /* InteractorInput.swift in Sources */,
				856DF05229CDC84B008F5E19 /* ExchangeRatesDataService.swift in Sources */,
				856DF04B29CDC525008F5E19 /* main.swift in Sources */,
				856DF05A29CDC887008F5E19 /* ExchangeRatesDataModel.swift in Sources */,
				856DF05729CDC867008F5E19 /* ExchangeRatesError.swift in Sources */,
				85EC7BB929CDC9E00024C1EC /* Interactor.swift in Sources */,
				856DF05C29CDC89D008F5E19 /* URLRequestBuilder.swift in Sources */,
			);
			runOnlyForDeploymentPostprocessing = 0;
		};
/* End PBXSourcesBuildPhase section */

/* Begin XCBuildConfiguration section */
		856DF03629CDC3EF008F5E19 /* Debug */ = {
			isa = XCBuildConfiguration;
			buildSettings = {
			};
			name = Debug;
		};
		856DF03729CDC3EF008F5E19 /* Release */ = {
			isa = XCBuildConfiguration;
			buildSettings = {
			};
			name = Release;
		};
		856DF04D29CDC525008F5E19 /* Debug */ = {
			isa = XCBuildConfiguration;
			buildSettings = {
				ALWAYS_SEARCH_USER_PATHS = NO;
				CLANG_ANALYZER_NONNULL = YES;
				CLANG_ANALYZER_NUMBER_OBJECT_CONVERSION = YES_AGGRESSIVE;
				CLANG_CXX_LANGUAGE_STANDARD = "gnu++20";
				CLANG_ENABLE_MODULES = YES;
				CLANG_ENABLE_OBJC_ARC = YES;
				CLANG_ENABLE_OBJC_WEAK = YES;
				CLANG_WARN_BLOCK_CAPTURE_AUTORELEASING = YES;
				CLANG_WARN_BOOL_CONVERSION = YES;
				CLANG_WARN_COMMA = YES;
				CLANG_WARN_CONSTANT_CONVERSION = YES;
				CLANG_WARN_DEPRECATED_OBJC_IMPLEMENTATIONS = YES;
				CLANG_WARN_DIRECT_OBJC_ISA_USAGE = YES_ERROR;
				CLANG_WARN_DOCUMENTATION_COMMENTS = YES;
				CLANG_WARN_EMPTY_BODY = YES;
				CLANG_WARN_ENUM_CONVERSION = YES;
				CLANG_WARN_INFINITE_RECURSION = YES;
				CLANG_WARN_INT_CONVERSION = YES;
				CLANG_WARN_NON_LITERAL_NULL_CONVERSION = YES;
				CLANG_WARN_OBJC_IMPLICIT_RETAIN_SELF = YES;
				CLANG_WARN_OBJC_LITERAL_CONVERSION = YES;
				CLANG_WARN_OBJC_ROOT_CLASS = YES_ERROR;
				CLANG_WARN_QUOTED_INCLUDE_IN_FRAMEWORK_HEADER = YES;
				CLANG_WARN_RANGE_LOOP_ANALYSIS = YES;
				CLANG_WARN_STRICT_PROTOTYPES = YES;
				CLANG_WARN_SUSPICIOUS_MOVE = YES;
				CLANG_WARN_UNGUARDED_AVAILABILITY = YES_AGGRESSIVE;
				CLANG_WARN_UNREACHABLE_CODE = YES;
				CLANG_WARN__DUPLICATE_METHOD_MATCH = YES;
				CODE_SIGN_STYLE = Automatic;
				COPY_PHASE_STRIP = NO;
				DEBUG_INFORMATION_FORMAT = dwarf;
				DEVELOPMENT_TEAM = RQDWVF4978;
				ENABLE_HARDENED_RUNTIME = YES;
				ENABLE_STRICT_OBJC_MSGSEND = YES;
				ENABLE_TESTABILITY = YES;
				GCC_C_LANGUAGE_STANDARD = gnu11;
				GCC_DYNAMIC_NO_PIC = NO;
				GCC_NO_COMMON_BLOCKS = YES;
				GCC_OPTIMIZATION_LEVEL = 0;
				GCC_PREPROCESSOR_DEFINITIONS = (
					"DEBUG=1",
					"$(inherited)",
				);
				GCC_WARN_64_TO_32_BIT_CONVERSION = YES;
				GCC_WARN_ABOUT_RETURN_TYPE = YES_ERROR;
				GCC_WARN_UNDECLARED_SELECTOR = YES;
				GCC_WARN_UNINITIALIZED_AUTOS = YES_AGGRESSIVE;
				GCC_WARN_UNUSED_FUNCTION = YES;
				GCC_WARN_UNUSED_VARIABLE = YES;
				MACOSX_DEPLOYMENT_TARGET = 12.3;
				MTL_ENABLE_DEBUG_INFO = INCLUDE_SOURCE;
				MTL_FAST_MATH = YES;
				ONLY_ACTIVE_ARCH = YES;
				PRODUCT_NAME = "$(TARGET_NAME)";
				SDKROOT = macosx;
				SWIFT_ACTIVE_COMPILATION_CONDITIONS = DEBUG;
				SWIFT_OPTIMIZATION_LEVEL = "-Onone";
				SWIFT_VERSION = 5.0;
			};
			name = Debug;
		};
		856DF04E29CDC525008F5E19 /* Release */ = {
			isa = XCBuildConfiguration;
			buildSettings = {
				ALWAYS_SEARCH_USER_PATHS = NO;
				CLANG_ANALYZER_NONNULL = YES;
				CLANG_ANALYZER_NUMBER_OBJECT_CONVERSION = YES_AGGRESSIVE;
				CLANG_CXX_LANGUAGE_STANDARD = "gnu++20";
				CLANG_ENABLE_MODULES = YES;
				CLANG_ENABLE_OBJC_ARC = YES;
				CLANG_ENABLE_OBJC_WEAK = YES;
				CLANG_WARN_BLOCK_CAPTURE_AUTORELEASING = YES;
				CLANG_WARN_BOOL_CONVERSION = YES;
				CLANG_WARN_COMMA = YES;
				CLANG_WARN_CONSTANT_CONVERSION = YES;
				CLANG_WARN_DEPRECATED_OBJC_IMPLEMENTATIONS = YES;
				CLANG_WARN_DIRECT_OBJC_ISA_USAGE = YES_ERROR;
				CLANG_WARN_DOCUMENTATION_COMMENTS = YES;
				CLANG_WARN_EMPTY_BODY = YES;
				CLANG_WARN_ENUM_CONVERSION = YES;
				CLANG_WARN_INFINITE_RECURSION = YES;
				CLANG_WARN_INT_CONVERSION = YES;
				CLANG_WARN_NON_LITERAL_NULL_CONVERSION = YES;
				CLANG_WARN_OBJC_IMPLICIT_RETAIN_SELF = YES;
				CLANG_WARN_OBJC_LITERAL_CONVERSION = YES;
				CLANG_WARN_OBJC_ROOT_CLASS = YES_ERROR;
				CLANG_WARN_QUOTED_INCLUDE_IN_FRAMEWORK_HEADER = YES;
				CLANG_WARN_RANGE_LOOP_ANALYSIS = YES;
				CLANG_WARN_STRICT_PROTOTYPES = YES;
				CLANG_WARN_SUSPICIOUS_MOVE = YES;
				CLANG_WARN_UNGUARDED_AVAILABILITY = YES_AGGRESSIVE;
				CLANG_WARN_UNREACHABLE_CODE = YES;
				CLANG_WARN__DUPLICATE_METHOD_MATCH = YES;
				CODE_SIGN_STYLE = Automatic;
				COPY_PHASE_STRIP = NO;
				DEBUG_INFORMATION_FORMAT = "dwarf-with-dsym";
				DEVELOPMENT_TEAM = RQDWVF4978;
				ENABLE_HARDENED_RUNTIME = YES;
				ENABLE_NS_ASSERTIONS = NO;
				ENABLE_STRICT_OBJC_MSGSEND = YES;
				GCC_C_LANGUAGE_STANDARD = gnu11;
				GCC_NO_COMMON_BLOCKS = YES;
				GCC_WARN_64_TO_32_BIT_CONVERSION = YES;
				GCC_WARN_ABOUT_RETURN_TYPE = YES_ERROR;
				GCC_WARN_UNDECLARED_SELECTOR = YES;
				GCC_WARN_UNINITIALIZED_AUTOS = YES_AGGRESSIVE;
				GCC_WARN_UNUSED_FUNCTION = YES;
				GCC_WARN_UNUSED_VARIABLE = YES;
				MACOSX_DEPLOYMENT_TARGET = 12.3;
				MTL_ENABLE_DEBUG_INFO = NO;
				MTL_FAST_MATH = YES;
				PRODUCT_NAME = "$(TARGET_NAME)";
				SDKROOT = macosx;
				SWIFT_COMPILATION_MODE = wholemodule;
				SWIFT_OPTIMIZATION_LEVEL = "-O";
				SWIFT_VERSION = 5.0;
			};
			name = Release;
		};
/* End XCBuildConfiguration section */

/* Begin XCConfigurationList section */
		856DF03529CDC3EF008F5E19 /* Build configuration list for PBXProject "Exchange Rates Data" */ = {
			isa = XCConfigurationList;
			buildConfigurations = (
				856DF03629CDC3EF008F5E19 /* Debug */,
				856DF03729CDC3EF008F5E19 /* Release */,
			);
			defaultConfigurationIsVisible = 0;
			defaultConfigurationName = Release;
		};
		856DF04C29CDC525008F5E19 /* Build configuration list for PBXNativeTarget "Main" */ = {
			isa = XCConfigurationList;
			buildConfigurations = (
				856DF04D29CDC525008F5E19 /* Debug */,
				856DF04E29CDC525008F5E19 /* Release */,
			);
			defaultConfigurationIsVisible = 0;
			defaultConfigurationName = Release;
		};
/* End XCConfigurationList section */
	};
	rootObject = 856DF03229CDC3EF008F5E19 /* Project object */;
}
